{
  "version": 4,
  "terraform_version": "1.6.6",
  "serial": 32,
  "lineage": "5507bc40-588b-19e9-3df5-4ef455dcb4d3",
  "outputs": {
    "kubernetes_cluster_name": {
      "value": "bookstore-cluster",
      "type": "string"
    },
    "region": {
      "value": "us-central1-a",
      "type": "string"
    }
  },
  "resources": [
    {
      "mode": "managed",
      "type": "google_container_cluster",
      "name": "primary",
      "provider": "provider[\"registry.terraform.io/hashicorp/google\"]",
      "instances": [
        {
          "schema_version": 2,
          "attributes": {
            "addons_config": [
              {
                "cloudrun_config": [],
                "config_connector_config": [],
                "dns_cache_config": [],
                "gce_persistent_disk_csi_driver_config": [
                  {
                    "enabled": true
                  }
                ],
                "gcp_filestore_csi_driver_config": [],
                "gcs_fuse_csi_driver_config": [],
                "gke_backup_agent_config": [],
                "horizontal_pod_autoscaling": [],
                "http_load_balancing": [],
                "network_policy_config": [
                  {
                    "disabled": true
                  }
                ],
                "stateful_ha_config": []
              }
            ],
            "allow_net_admin": null,
            "authenticator_groups_config": [],
            "binary_authorization": [
              {
                "enabled": false,
                "evaluation_mode": ""
              }
            ],
            "cluster_autoscaling": [
              {
                "auto_provisioning_defaults": [],
                "autoscaling_profile": "BALANCED",
                "enabled": false,
                "resource_limits": []
              }
            ],
            "cluster_ipv4_cidr": "10.64.0.0/14",
            "confidential_nodes": [],
            "cost_management_config": [],
            "database_encryption": [
              {
                "key_name": "",
                "state": "DECRYPTED"
              }
            ],
            "datapath_provider": "",
            "default_max_pods_per_node": 110,
            "default_snat_status": [
              {
                "disabled": false
              }
            ],
            "deletion_protection": false,
            "description": "",
            "dns_config": [],
            "enable_autopilot": false,
            "enable_cilium_clusterwide_network_policy": false,
            "enable_intranode_visibility": false,
            "enable_k8s_beta_apis": [],
            "enable_kubernetes_alpha": false,
            "enable_l4_ilb_subsetting": false,
            "enable_legacy_abac": false,
            "enable_shielded_nodes": false,
            "enable_tpu": false,
            "endpoint": "35.224.140.33",
            "fleet": [],
            "gateway_api_config": [],
            "id": "projects/bookstore-project-428112/locations/us-central1-a/clusters/bookstore-cluster",
            "identity_service_config": [],
            "initial_node_count": 1,
            "ip_allocation_policy": [
              {
                "additional_pod_ranges_config": [],
                "cluster_ipv4_cidr_block": "10.64.0.0/14",
                "cluster_secondary_range_name": "gke-bookstore-cluster-pods-6d537701",
                "pod_cidr_overprovision_config": [
                  {
                    "disabled": false
                  }
                ],
                "services_ipv4_cidr_block": "34.118.224.0/20",
                "services_secondary_range_name": "",
                "stack_type": "IPV4"
              }
            ],
            "label_fingerprint": "a9dc16a7",
            "location": "us-central1-a",
            "logging_config": [
              {
                "enable_components": [
                  "SYSTEM_COMPONENTS",
                  "WORKLOADS"
                ]
              }
            ],
            "logging_service": "logging.googleapis.com/kubernetes",
            "maintenance_policy": [],
            "master_auth": [
              {
                "client_certificate": "LS0tLS1CRUdJTiBDRVJUSUZJQ0FURS0tLS0tCk1JSURvRENDQWdpZ0F3SUJBZ0lRZU9OZ1FoaUkzdWIxcTZreEdBUi8vVEFOQmdrcWhraUc5dzBCQVFzRkFEQXYKTVMwd0t3WURWUVFERXlRNU16aGhNMkl3TVMwd1ptSTFMVFJsWVdNdFltSmhNaTAxWkdFNE1HRXhNVE5qWVdFdwpIaGNOTWpRd056QTVNVE13TVRNMldoY05Namt3TnpBNE1UTXdNek0yV2pBUk1ROHdEUVlEVlFRREV3WmpiR2xsCmJuUXdnZ0VpTUEwR0NTcUdTSWIzRFFFQkFRVUFBNElCRHdBd2dnRUtBb0lCQVFDMkRtR29oeVgxcXZzWWtoaTcKQmV2Z3lVUmFFRUZuVFhvR2wrZ1BwdGRRV2pvZGw3dks5K3llR1JBY3dYK0s5Nk9rTXJ5QlczcDNaS1MyQmhSYwowMms5VXkxWU5KdzR2UXB0aHlCaHIzNXZHeGFIMTRFRGVxZlduV1NKRFVQTXE3S0Rzc0JTMkV4MUpSZHduYVlTCnVFWnJCMWFiMm1JcTJ3OFJPYUQ3NHlBcjRHbVJ0d1IxVlN5L1BZV2xlOURCQkdjYXBWZTlTOHloLzJjV0IrbmcKTUE3dE5XOVBLdHMvU3ByZE9OL2wxZ3lDTFhYcFBNeXF5dVhESWJTV2VKbW92aHBqVFk5SEhZbGJJOGVmZjFxcgo3OHF6M3FDaTd3QkQzcG1xelpBTjM2bDQzYnBCTnRwaFhPZWdERVNyMmFPT0MzNG1jYUdKOG9MbHFFQUs5ZHBrCmYwZUZBZ01CQUFHalZqQlVNQTRHQTFVZER3RUIvd1FFQXdJRm9EQVRCZ05WSFNVRUREQUtCZ2dyQmdFRkJRY0QKQWpBTUJnTlZIUk1CQWY4RUFqQUFNQjhHQTFVZEl3UVlNQmFBRkQyczlRVDAyZDlOdkpXempvTVc4UGYrTEFwUApNQTBHQ1NxR1NJYjNEUUVCQ3dVQUE0SUJnUUJPKyt1M01IVndrNTlNeVhxVit4MXZJYmxkYkpGUmF6ZUdFNVowCjFkV0Z2M3U1cjdmNUJWNXYzN3dITEliSDdLMjl5elhUTE9DQ1JlNkUvWGV1Q2x1TkRtVlFZaXZ6ZnV4YVRBbjgKR05hZDB4bHFPbXhTRzNnTVhaOWhxYTRVWld5OUd4K09KY0ovemlWcXJEV2F5ZGRNT0d3RmRndXFlU3NKTTBzVgpHVk94MWZ2bVhuU2NIMStMMmlZOHBubUZqUXA5K1NDVm5GWnFaL2F1S00ycnFNYmhXT25hZ0E2VUVQVWhUcXJ3CmlBbHZ1bFYvMGJLd0hZVEpJUWpYaEcyMnJkTXZKai85QUlwcElWdlNOMFJzcTJISTlQY0N1dnNmcXg2bVBXRUEKQ1Y2QlZpTVkvM2JseWpPdGNTOGU0UWlOdVlrQUE0dWY1R1RieDJLUDJPLzZwM29EMHpYc3dvWm9WVjUveEVObgo3MVhUekRuR05rTDNBbmFScmpJYmVka2JGenowbkRWL3BWQ3Y0WU1HditHS2ZpUmY1S3hxc3k2NmtSVXBObUpsCjJxWVR1L1psblBIMU94NkJiUTNPaS9yQWxiWjVUNGpSaWJ2SlZBTVZEb3VDYkpkcXo4bGlPWXJFcCt4RVV6TjUKSHpZSVIxSDRSRXk3M3RtT2tVenc1OUZsVTBzPQotLS0tLUVORCBDRVJUSUZJQ0FURS0tLS0tCg==",
                "client_certificate_config": [
                  {
                    "issue_client_certificate": true
                  }
                ],
                "client_key": "LS0tLS1CRUdJTiBSU0EgUFJJVkFURSBLRVktLS0tLQpNSUlFb2dJQkFBS0NBUUVBdGc1aHFJY2w5YXI3R0pJWXV3WHI0TWxFV2hCQlowMTZCcGZvRDZiWFVGbzZIWmU3Cnl2ZnNuaGtRSE1GL2l2ZWpwREs4Z1Z0NmQyU2t0Z1lVWE5OcFBWTXRXRFNjT0wwS2JZY2dZYTkrYnhzV2g5ZUIKQTNxbjFwMWtpUTFEekt1eWc3TEFVdGhNZFNVWGNKMm1FcmhHYXdkV205cGlLdHNQRVRtZysrTWdLK0Jwa2JjRQpkVlVzdnoyRnBYdlF3UVJuR3FWWHZVdk1vZjluRmdmcDREQU83VFZ2VHlyYlAwcWEzVGpmNWRZTWdpMTE2VHpNCnFzcmx3eUcwbG5pWnFMNGFZMDJQUngySld5UEhuMzlhcSsvS3M5NmdvdThBUTk2WnFzMlFEZCtwZU4yNlFUYmEKWVZ6bm9BeEVxOW1qamd0K0puR2hpZktDNWFoQUN2WGFaSDlIaFFJREFRQUJBb0lCQUFsdmQ0c1dZcmF0Q014UQo5QlJWL2ZxSU5vYVd3dXVzUmJKV1NLVERzRWlUUGVHcDZ4c2RuQ2M1enM2Tlk4TnJkV1o0UDdIODhGSlptN29ZCldMdjlNLzR3UGxCM2tqb3BrcTJ6QnJxeFdsT1QrejFlbUtxUGFUMUkvOUhQa2hvOGlDa1FYYXlJSzh4Q3pYTWMKenpqaCsrVDdwc3czTmx2RGFkcnFHa2htWmlveWtGY1hyeTg0cWt5VytkL01LTVNjUzVSRnJwMlh3TFRxSUZpdAoybkhENi9USno2Y2NBYzZIck92aURROFNNaEtsOEZndUwwaHJQdnVuYXFTUzRUKzhuYjVvUklDQUFhRytESDNhCnpNbE1PaTZYTUVvMnhGRjBEc1ZnN1VVMVh3aVNTdVlMb09YenVxSjEzTUZHbDliRVByOUZrblVUK0g0NDJWY2oKRUltUVJJa0NnWUVBLzE4TC9qamNUZmtvajd3Mjh3WklMUkdiWmMzQnBrbU8vVlBUMzl6QjRoajRYUDlBaXg3MApVeSs3VmZEN3J0cVg1TDVqd255U3NFaDhFS21xRHJqNk41WmdQM0hGWURveE1LS1FydE9jRnJTWTh4bnBZejB1CjI2UFJWTXVLRWZ1d0t5OEFHb3VwaG5jRVpGWGRCY3N6dy9Pb1I0RFRYTmVEWlNjS08velNGZTBDZ1lFQXRvRWcKVVJFVzJ6LzFsWlkxZXI0QXQ2SlQ1Y3NCKysvemprdld0WmkwUlc4ZHRBbG9STVNPaGFvOUx3YXRlT1ROY3JWKwpwNzFkRkJRMVIzalpPOFZGNU9XQ1lBbGNqQnUyOHNWSmticHhHVkJ5OExEYlhieU0vaENueCtodElHaXZKeit5CmtVTS9Xb25mL3VhSVVYV3V5Qmk0NFBGUkJveDJrNDNHQlcwSlJQa0NnWUF2ck1QbGF5SWQ0SFVsR0dNOXpaOXQKNG9xYlgrVldNUWRqM2VHQk9vcHJ0bk92a091d3pVK1p0Q0NLTTlvWTA3Qmx3UEdJM283WUlFQWhNRHVTVWhCTQpqbU5ibE5iZlZ4M1YwWk9uUDlRMUhQUXM5bHB1NzM0dS9ROVlnRU0vaGpobVozamllODVqVHhiZjBIUFo0QXpDCitWc2lOamUvYm5DV1VzcURWbmkySlFLQmdCc09nYkFEREpSc293Z09RTmQxbTcyZHZ6cHVJbGtyZGJ3KzJoSUsKRlkvRnJXMm5oMkhLa2lhVzJvTkNSaTJLSGp0SFZRT2hPMDlpdjVOZEF6ZXRRM052NHloQnV3cTZnU0QweHJkbwpJS1JVSFBZNkFndWZqSGVPR0pHMmo1Y2liZlV2cUZXSTFyZWhnU2ZWSFppV0RkZDBjdFJHY25DNkdrbzkxb0d2CmJKUmhBb0dBY3hSK2VHZi9HWFVzOUp0ZGh2dnhobGplRWlrL21WOU02aGR4TVZaWWd3Y1orcWhFVHUxSkIvY3kKcUoyQm5zci9ZZ1hlemxSSkNVbXJJbzUwTG5PZ0dvNDV5Rm5OOTZ0NHNEaGYwa2VublZTcVhIN3dYNzY1MmhpVgpDd04xUGRiNlhWVHRvcnFkbWRualRWSUhRZUhGd2dDYnJZYVltL2FXVEZ1c09xam5mRDQ9Ci0tLS0tRU5EIFJTQSBQUklWQVRFIEtFWS0tLS0tCg==",
                "cluster_ca_certificate": "LS0tLS1CRUdJTiBDRVJUSUZJQ0FURS0tLS0tCk1JSUVMVENDQXBXZ0F3SUJBZ0lSQVA0Y2xuWWQ0NXpBc201bUVtaG1HUW93RFFZSktvWklodmNOQVFFTEJRQXcKTHpFdE1Dc0dBMVVFQXhNa09UTTRZVE5pTURFdE1HWmlOUzAwWldGakxXSmlZVEl0TldSaE9EQmhNVEV6WTJGaApNQ0FYRFRJME1EY3dPVEV5TURNek5sb1lEekl3TlRRd056QXlNVE13TXpNMldqQXZNUzB3S3dZRFZRUURFeVE1Ck16aGhNMkl3TVMwd1ptSTFMVFJsWVdNdFltSmhNaTAxWkdFNE1HRXhNVE5qWVdFd2dnR2lNQTBHQ1NxR1NJYjMKRFFFQkFRVUFBNElCandBd2dnR0tBb0lCZ1FDc253VlhxVWM2ZHpocE9YMTFuTDlOcGRNbURJSWs3QjRiNEN6cwo0V0dCYlhkN1lMUXFSWkRaN3E5QnFSQy84UUYvN1FIb1gxWFNKVHJtTzUyNTI5NTFQSURGZlo2L05uV3dhblFDClRPRmgwY1NhSzFHOXNUdjBaRnF6UHE5YnpJUjU0TDBoY2NmMU9KdVJDTUNzSDFXQ0YxaGpHZ0U1ZGdOa1lPZ0wKYUEyMmlZSFFlNWoycGhPNGFvdDh4YnhPZXpWZldyVFd3cDJCSnFLQTdXUGdURXNobHRRd0dWNzhlM2YrUU9COApPZksrcGlyTi9MZEhNdk9vU1NsdmJRTXh6L2V0bTVhMlFBWStMQ3pVNE9WZC9HSUhkTjNmdEoybWdSRXFBVzdnCmNpd2RZdkZCOGtJZFZvZm9GUW1pV29IZ2VpSXg1L2pXUkxlSjE1Q3lpaDVYNzZEY2tIRlJMbERxYVZuaEtYbHAKYjhxUEY4WU05VkhYNnlQcVcwejdIWWl0L3V3M1hlY3hzTzFZV1M1Y3VYN1owUFhNVWhUekplSzREaFB2a0pqMApoRDFlL1d0UzlhRXpCejBYNnF4dld5WVZack5EeDVQUlVnVFJZRTBtOTEySWVCOGoreEdOa1lFL3NwUjVYYXd3Cm9kMkZZUldxUjh0SDE0dy9XNmRyUlphWndrY0NBd0VBQWFOQ01FQXdEZ1lEVlIwUEFRSC9CQVFEQWdJRU1BOEcKQTFVZEV3RUIvd1FGTUFNQkFmOHdIUVlEVlIwT0JCWUVGRDJzOVFUMDJkOU52Sld6am9NVzhQZitMQXBQTUEwRwpDU3FHU0liM0RRRUJDd1VBQTRJQmdRQXpYV2t5WWg1ajZheWRLM0tSNmF3eW5janVSUUl4RlB1VDhCejFrT3VjCkdYdTBFa0t1RjhLR2dPck90cDNneXI4eGgvdzNYcjh4N2NmclFRanFzZCtBSklwMFNSKzZRdkluYVZxVmZIR0QKZGg0bkV4bHpuZkU2SEFTWm1uYkpEZnBzWHBaWHcvMmY4WDY0L1hQSG50UWFpQS9SSll4dU42SXZFZlpaeFhpaQpEam1QS3dDenJuYjVMekI4SUttZFJsdFp6ZTBOU0U1WFNjdE9JWURyaU9MK1lhNVpDc1V1TU1DVjd3V0xPa3B2CkpYVTRPYk5JK3BaMjJYdG9KNlJKcFFLakxUb2tNVkhzV1NiM3BQY0c5dzd1dEc5ZllLVjk5SEtqZVlSKzhnSFMKK28yRSsrS3BtV083ejhQYkZpOXpwdU8rUlVBdm5RWkVzUzJqcTIyV2V1cTdiUHFTZkNVeUhGaHZ5d1V2V3hUNApDWFlxcUtKdk5XYVcyOEFLY2Q5U2c2QytFdGYwT0NueDVYVE1wdlhIWDdOTjBZeHBPWXFZa2dtNldFcWtPdUFtCnVVNlhQL0V5NldkdWsvT1ZKMTdCMTU1Q2N1K25ZYmNNUUZlTGFyRXFGQkZ5akNNcWY1aHE5YWx6Ykl4S1c1WDYKa2tocHdtZ2txekpkc1ovYmdGM2VzdDA9Ci0tLS0tRU5EIENFUlRJRklDQVRFLS0tLS0K"
              }
            ],
            "master_authorized_networks_config": [],
            "master_version": "1.29.4-gke.1043004",
            "mesh_certificates": [],
            "min_master_version": null,
            "monitoring_config": [
              {
                "advanced_datapath_observability_config": [
                  {
                    "enable_metrics": false,
                    "enable_relay": false,
                    "relay_mode": "DISABLED"
                  }
                ],
                "enable_components": [
                  "SYSTEM_COMPONENTS"
                ],
                "managed_prometheus": [
                  {
                    "enabled": true
                  }
                ]
              }
            ],
            "monitoring_service": "monitoring.googleapis.com/kubernetes",
            "name": "bookstore-cluster",
            "network": "projects/bookstore-project-428112/global/networks/default",
            "network_policy": [
              {
                "enabled": false,
                "provider": "PROVIDER_UNSPECIFIED"
              }
            ],
            "networking_mode": "VPC_NATIVE",
            "node_config": [
              {
                "advanced_machine_features": [],
                "boot_disk_kms_key": "",
                "confidential_nodes": [],
                "containerd_config": [],
                "disk_size_gb": 10,
                "disk_type": "pd-balanced",
                "effective_taints": [],
                "enable_confidential_storage": false,
                "ephemeral_storage_local_ssd_config": [],
                "fast_socket": [],
                "gcfs_config": [],
                "guest_accelerator": [],
                "gvnic": [],
                "host_maintenance_policy": [],
                "image_type": "COS_CONTAINERD",
                "kubelet_config": [],
                "labels": {},
                "linux_node_config": [],
                "local_nvme_ssd_block_config": [],
                "local_ssd_count": 0,
                "logging_variant": "DEFAULT",
                "machine_type": "e2-micro",
                "metadata": {
                  "disable-legacy-endpoints": "true"
                },
                "min_cpu_platform": "",
                "node_group": "",
                "oauth_scopes": [
                  "https://www.googleapis.com/auth/devstorage.read_only",
                  "https://www.googleapis.com/auth/logging.write",
                  "https://www.googleapis.com/auth/monitoring",
                  "https://www.googleapis.com/auth/service.management.readonly",
                  "https://www.googleapis.com/auth/servicecontrol",
                  "https://www.googleapis.com/auth/trace.append"
                ],
                "preemptible": false,
                "reservation_affinity": [],
                "resource_labels": null,
                "resource_manager_tags": null,
                "secondary_boot_disks": [],
                "service_account": "default",
                "shielded_instance_config": [
                  {
                    "enable_integrity_monitoring": true,
                    "enable_secure_boot": false
                  }
                ],
                "sole_tenant_config": [],
                "spot": false,
                "tags": null,
                "taint": [],
                "workload_metadata_config": []
              }
            ],
            "node_locations": [],
            "node_pool": [
              {
                "autoscaling": [],
                "initial_node_count": 1,
                "instance_group_urls": [
                  "https://www.googleapis.com/compute/v1/projects/bookstore-project-428112/zones/us-central1-a/instanceGroupManagers/gke-bookstore-cluster-default-pool-879c8afa-grp"
                ],
                "managed_instance_group_urls": [
                  "https://www.googleapis.com/compute/v1/projects/bookstore-project-428112/zones/us-central1-a/instanceGroups/gke-bookstore-cluster-default-pool-879c8afa-grp"
                ],
                "management": [
                  {
                    "auto_repair": true,
                    "auto_upgrade": true
                  }
                ],
                "max_pods_per_node": 110,
                "name": "default-pool",
                "name_prefix": "",
                "network_config": [
                  {
                    "create_pod_range": false,
                    "enable_private_nodes": false,
                    "network_performance_config": [],
                    "pod_cidr_overprovision_config": [],
                    "pod_ipv4_cidr_block": "10.64.0.0/14",
                    "pod_range": "gke-bookstore-cluster-pods-6d537701"
                  }
                ],
                "node_config": [
                  {
                    "advanced_machine_features": [],
                    "boot_disk_kms_key": "",
                    "confidential_nodes": [],
                    "containerd_config": [],
                    "disk_size_gb": 10,
                    "disk_type": "pd-balanced",
                    "effective_taints": [],
                    "enable_confidential_storage": false,
                    "ephemeral_storage_local_ssd_config": [],
                    "fast_socket": [],
                    "gcfs_config": [],
                    "guest_accelerator": [],
                    "gvnic": [],
                    "host_maintenance_policy": [],
                    "image_type": "COS_CONTAINERD",
                    "kubelet_config": [],
                    "labels": {},
                    "linux_node_config": [],
                    "local_nvme_ssd_block_config": [],
                    "local_ssd_count": 0,
                    "logging_variant": "DEFAULT",
                    "machine_type": "e2-micro",
                    "metadata": {
                      "disable-legacy-endpoints": "true"
                    },
                    "min_cpu_platform": "",
                    "node_group": "",
                    "oauth_scopes": [
                      "https://www.googleapis.com/auth/devstorage.read_only",
                      "https://www.googleapis.com/auth/logging.write",
                      "https://www.googleapis.com/auth/monitoring",
                      "https://www.googleapis.com/auth/service.management.readonly",
                      "https://www.googleapis.com/auth/servicecontrol",
                      "https://www.googleapis.com/auth/trace.append"
                    ],
                    "preemptible": false,
                    "reservation_affinity": [],
                    "resource_labels": {},
                    "resource_manager_tags": {},
                    "secondary_boot_disks": [],
                    "service_account": "default",
                    "shielded_instance_config": [
                      {
                        "enable_integrity_monitoring": true,
                        "enable_secure_boot": false
                      }
                    ],
                    "sole_tenant_config": [],
                    "spot": false,
                    "tags": [],
                    "taint": [],
                    "workload_metadata_config": []
                  }
                ],
                "node_count": 1,
                "node_locations": [
                  "us-central1-a"
                ],
                "placement_policy": [],
                "queued_provisioning": [],
                "upgrade_settings": [
                  {
                    "blue_green_settings": [],
                    "max_surge": 1,
                    "max_unavailable": 0,
                    "strategy": "SURGE"
                  }
                ],
                "version": "1.29.4-gke.1043004"
              }
            ],
            "node_pool_auto_config": [],
            "node_pool_defaults": [
              {
                "node_config_defaults": [
                  {
                    "containerd_config": [],
                    "logging_variant": "DEFAULT"
                  }
                ]
              }
            ],
            "node_version": "1.29.4-gke.1043004",
            "notification_config": [
              {
                "pubsub": [
                  {
                    "enabled": false,
                    "filter": [],
                    "topic": ""
                  }
                ]
              }
            ],
            "operation": null,
            "private_cluster_config": [
              {
                "enable_private_endpoint": false,
                "enable_private_nodes": false,
                "master_global_access_config": [
                  {
                    "enabled": false
                  }
                ],
                "master_ipv4_cidr_block": "",
                "peering_name": "",
                "private_endpoint": "10.128.0.2",
                "private_endpoint_subnetwork": "",
                "public_endpoint": "35.224.140.33"
              }
            ],
            "private_ipv6_google_access": "",
            "project": "bookstore-project-428112",
            "release_channel": [
              {
                "channel": "REGULAR"
              }
            ],
            "remove_default_node_pool": null,
            "resource_labels": null,
            "resource_usage_export_config": [],
            "security_posture_config": [
              {
                "mode": "BASIC",
                "vulnerability_mode": "VULNERABILITY_MODE_UNSPECIFIED"
              }
            ],
            "self_link": "https://container.googleapis.com/v1/projects/bookstore-project-428112/zones/us-central1-a/clusters/bookstore-cluster",
            "service_external_ips_config": [
              {
                "enabled": false
              }
            ],
            "services_ipv4_cidr": "34.118.224.0/20",
            "subnetwork": "projects/bookstore-project-428112/regions/us-central1/subnetworks/default",
            "timeouts": null,
            "tpu_ipv4_cidr_block": "",
            "vertical_pod_autoscaling": [],
            "workload_identity_config": []
          },
          "sensitive_attributes": [],
          "private": "eyJlMmJmYjczMC1lY2FhLTExZTYtOGY4OC0zNDM2M2JjN2M0YzAiOnsiY3JlYXRlIjoyNDAwMDAwMDAwMDAwLCJkZWxldGUiOjI0MDAwMDAwMDAwMDAsInJlYWQiOjI0MDAwMDAwMDAwMDAsInVwZGF0ZSI6MzYwMDAwMDAwMDAwMH0sInNjaGVtYV92ZXJzaW9uIjoiMiJ9"
        }
      ]
    },
    {
      "mode": "managed",
      "type": "google_container_node_pool",
      "name": "primary_nodes",
      "provider": "provider[\"registry.terraform.io/hashicorp/google\"]",
      "instances": [
        {
          "schema_version": 1,
          "attributes": {
            "autoscaling": [
              {
                "location_policy": "ANY",
                "max_node_count": 2,
                "min_node_count": 1,
                "total_max_node_count": 0,
                "total_min_node_count": 0
              }
            ],
            "cluster": "bookstore-cluster",
            "id": "projects/bookstore-project-428112/locations/us-central1-a/clusters/bookstore-cluster/nodePools/terraform-20240709130934915200000001",
            "initial_node_count": 1,
            "instance_group_urls": [
              "https://www.googleapis.com/compute/v1/projects/bookstore-project-428112/zones/us-central1-a/instanceGroupManagers/gke-bookstore-cluste-terraform-202407-d0497d06-grp"
            ],
            "location": "us-central1-a",
            "managed_instance_group_urls": [
              "https://www.googleapis.com/compute/v1/projects/bookstore-project-428112/zones/us-central1-a/instanceGroups/gke-bookstore-cluste-terraform-202407-d0497d06-grp"
            ],
            "management": [
              {
                "auto_repair": true,
                "auto_upgrade": true
              }
            ],
            "max_pods_per_node": 110,
            "name": "terraform-20240709130934915200000001",
            "name_prefix": "",
            "network_config": [
              {
                "create_pod_range": false,
                "enable_private_nodes": false,
                "network_performance_config": [],
                "pod_cidr_overprovision_config": [],
                "pod_ipv4_cidr_block": "10.64.0.0/14",
                "pod_range": "gke-bookstore-cluster-pods-6d537701"
              }
            ],
            "node_config": [
              {
                "advanced_machine_features": [],
                "boot_disk_kms_key": "",
                "confidential_nodes": [],
                "containerd_config": [],
                "disk_size_gb": 10,
                "disk_type": "pd-balanced",
                "effective_taints": [],
                "enable_confidential_storage": false,
                "ephemeral_storage_local_ssd_config": [],
                "fast_socket": [],
                "gcfs_config": [],
                "guest_accelerator": [],
                "gvnic": [],
                "host_maintenance_policy": [],
                "image_type": "COS_CONTAINERD",
                "kubelet_config": [],
                "labels": {},
                "linux_node_config": [],
                "local_nvme_ssd_block_config": [],
                "local_ssd_count": 0,
                "logging_variant": "DEFAULT",
                "machine_type": "e2-micro",
                "metadata": {
                  "disable-legacy-endpoints": "true"
                },
                "min_cpu_platform": "",
                "node_group": "",
                "oauth_scopes": [
                  "https://www.googleapis.com/auth/devstorage.read_only",
                  "https://www.googleapis.com/auth/logging.write",
                  "https://www.googleapis.com/auth/monitoring",
                  "https://www.googleapis.com/auth/service.management.readonly",
                  "https://www.googleapis.com/auth/servicecontrol",
                  "https://www.googleapis.com/auth/trace.append"
                ],
                "preemptible": true,
                "reservation_affinity": [],
                "resource_labels": null,
                "resource_manager_tags": null,
                "secondary_boot_disks": [],
                "service_account": "default",
                "shielded_instance_config": [
                  {
                    "enable_integrity_monitoring": true,
                    "enable_secure_boot": false
                  }
                ],
                "sole_tenant_config": [],
                "spot": false,
                "tags": null,
                "taint": [],
                "workload_metadata_config": []
              }
            ],
            "node_count": 1,
            "node_locations": [
              "us-central1-a"
            ],
            "operation": null,
            "placement_policy": [],
            "project": "bookstore-project-428112",
            "queued_provisioning": [],
            "timeouts": null,
            "upgrade_settings": [
              {
                "blue_green_settings": [],
                "max_surge": 1,
                "max_unavailable": 0,
                "strategy": "SURGE"
              }
            ],
            "version": "1.29.4-gke.1043004"
          },
          "sensitive_attributes": [],
          "private": "eyJlMmJmYjczMC1lY2FhLTExZTYtOGY4OC0zNDM2M2JjN2M0YzAiOnsiY3JlYXRlIjoxODAwMDAwMDAwMDAwLCJkZWxldGUiOjE4MDAwMDAwMDAwMDAsInVwZGF0ZSI6MTgwMDAwMDAwMDAwMH0sInNjaGVtYV92ZXJzaW9uIjoiMSJ9",
          "dependencies": [
            "google_container_cluster.primary"
          ]
        }
      ]
    }
  ],
  "check_results": null
}
