{
  "version": 4,
  "terraform_version": "1.6.6",
  "serial": 29,
  "lineage": "5507bc40-588b-19e9-3df5-4ef455dcb4d3",
  "outputs": {
    "kubernetes_cluster_name": {
      "value": "bookstore-cluster",
      "type": "string"
    },
    "region": {
      "value": "us-central1-a",
      "type": "string"
    }
  },
  "resources": [
    {
      "mode": "managed",
      "type": "google_container_cluster",
      "name": "primary",
      "provider": "provider[\"registry.terraform.io/hashicorp/google\"]",
      "instances": [
        {
          "schema_version": 2,
          "attributes": {
            "addons_config": [
              {
                "cloudrun_config": [],
                "config_connector_config": [],
                "dns_cache_config": [],
                "gce_persistent_disk_csi_driver_config": [
                  {
                    "enabled": true
                  }
                ],
                "gcp_filestore_csi_driver_config": [],
                "gcs_fuse_csi_driver_config": [],
                "gke_backup_agent_config": [],
                "horizontal_pod_autoscaling": [],
                "http_load_balancing": [],
                "network_policy_config": [
                  {
                    "disabled": true
                  }
                ],
                "stateful_ha_config": []
              }
            ],
            "allow_net_admin": null,
            "authenticator_groups_config": [],
            "binary_authorization": [
              {
                "enabled": false,
                "evaluation_mode": ""
              }
            ],
            "cluster_autoscaling": [
              {
                "auto_provisioning_defaults": [],
                "autoscaling_profile": "BALANCED",
                "enabled": false,
                "resource_limits": []
              }
            ],
            "cluster_ipv4_cidr": "10.104.0.0/14",
            "confidential_nodes": [],
            "cost_management_config": [],
            "database_encryption": [
              {
                "key_name": "",
                "state": "DECRYPTED"
              }
            ],
            "datapath_provider": "",
            "default_max_pods_per_node": 110,
            "default_snat_status": [
              {
                "disabled": false
              }
            ],
            "deletion_protection": true,
            "description": "",
            "dns_config": [],
            "enable_autopilot": false,
            "enable_cilium_clusterwide_network_policy": false,
            "enable_intranode_visibility": false,
            "enable_k8s_beta_apis": [],
            "enable_kubernetes_alpha": false,
            "enable_l4_ilb_subsetting": false,
            "enable_legacy_abac": false,
            "enable_shielded_nodes": true,
            "enable_tpu": false,
            "endpoint": "35.241.206.63",
            "fleet": [],
            "gateway_api_config": [],
            "id": "projects/bookstore-project-428112/locations/europe-west1/clusters/bookstore-cluster",
            "identity_service_config": [],
            "initial_node_count": 1,
            "ip_allocation_policy": [
              {
                "additional_pod_ranges_config": [],
                "cluster_ipv4_cidr_block": "10.104.0.0/14",
                "cluster_secondary_range_name": "gke-bookstore-cluster-pods-4284bcb9",
                "pod_cidr_overprovision_config": [
                  {
                    "disabled": false
                  }
                ],
                "services_ipv4_cidr_block": "34.118.224.0/20",
                "services_secondary_range_name": "",
                "stack_type": "IPV4"
              }
            ],
            "label_fingerprint": "a9dc16a7",
            "location": "europe-west1",
            "logging_config": [
              {
                "enable_components": [
                  "SYSTEM_COMPONENTS",
                  "WORKLOADS"
                ]
              }
            ],
            "logging_service": "logging.googleapis.com/kubernetes",
            "maintenance_policy": [],
            "master_auth": [
              {
                "client_certificate": "",
                "client_certificate_config": [
                  {
                    "issue_client_certificate": false
                  }
                ],
                "client_key": "",
                "cluster_ca_certificate": "LS0tLS1CRUdJTiBDRVJUSUZJQ0FURS0tLS0tCk1JSUVMVENDQXBXZ0F3SUJBZ0lSQU5yd0pSR3FHVGpuWnY0U0xOUVI1K0V3RFFZSktvWklodmNOQVFFTEJRQXcKTHpFdE1Dc0dBMVVFQXhNa1ltRTRZVEJoTXpBdE1HTTFOQzAwTTJJM0xXSmlNVFF0TlRFd1pEYzBOalpsWkRaawpNQ0FYRFRJME1EY3dOekV6TWpBMU9Wb1lEekl3TlRRd05qTXdNVFF5TURVNVdqQXZNUzB3S3dZRFZRUURFeVJpCllUaGhNR0V6TUMwd1l6VTBMVFF6WWpjdFltSXhOQzAxTVRCa056UTJObVZrTm1Rd2dnR2lNQTBHQ1NxR1NJYjMKRFFFQkFRVUFBNElCandBd2dnR0tBb0lCZ1FDN20wdk1Ibkdvc2JjMzZlZ2VJQngrdUl2MTBQR2NhMUpIQk9pcApXa0dIemJLRXpmWXRTVkhKZGVoeTRGc0lWbGpFVCtrZDM0dFRkVWtjc0drVktEeHo1V1lsVzhQNDNXaGlFSGJNCjYvUFYzS1BiL1VPYXBoRTBrM2lieE1FSkREWHR3VjU1aUV2eTVwM0trMFliMDBsVWJxTFJ5NmxzWlVlTXhrSGsKOHA0MkZhWkJGZTNCQWhmUU1KZWNFQmIzcER2WStZb0RyWHlNb1NXV3piM1RoakwvSy9SOTRBeTBubDhSWCtxeApjTXRwT0RMeUdFU2IzSFpIUUEybThhVjM2eHNvNFFHM3FhVGVKRjJoaDZQMm5vRytRSFh0MmE4M3B6dUVUcGhCCnNTWHZsSjZBQkFFT1B6Q3dWRFMvRUdSN1grMzFJTy9aMVNPaFFISUxaSXBJYjhQQjlueXptZ2RTY25McmsySVAKdHRLUG92MUpoTzdzYlNYWXJoa0NET21LRDJiTzE0ZEdvdUQrNFQ0OVpNWWxSUC9SQzFKSjEvM0xpbEhxczZNcApVaWtvanEwUGlINkJ6ZzlXeVhYeDhRMTZuNTlKdDBLNmFlSnJ3ZDBsUUJMdkdtaGZ4b3Fqbmhsc3FJV2gwcTM5CjVnVFBISlpyYW1vZ0M4TFZqRmhza1crdTJGa0NBd0VBQWFOQ01FQXdEZ1lEVlIwUEFRSC9CQVFEQWdJRU1BOEcKQTFVZEV3RUIvd1FGTUFNQkFmOHdIUVlEVlIwT0JCWUVGQjFZREViKzhpaGdTY3lINDhxcVJ3Yy85L0Y4TUEwRwpDU3FHU0liM0RRRUJDd1VBQTRJQmdRQ1NtcTdHRmNOVkt0ZGgwYXJMaUc3V21hVUQveGJQNXp3dnZSN3p2eE5oCnoydWVWWFBEdWlsYnhmL1hSTXErWFpGaGZEU1RxV3NVR0VKK0FLcHF4enB6UCtGbW1vK05GRGJZcEZReWJMaVIKUzI4QVFIek5MaDR4U0dNdGIrRGpKRW1QcGlZZnN2dFp6VXNnSWszYUZqTzhrejA1THRLaUZxNzUxVzNRN2xHYQpSZ3oyYmMwNmIvU21UZDQyRHk5bzhBMXJ1WlczaGJtU0hCcEFobDZMSXpmNERRMVFEZDNCQ1M5bDNMWmphZ3h6CkJHaTJqNHNJWVFQdTBjOGdXT085N2ozaVR2MFF3dkVtbXpOZ2JaODNRYjB2Nmx2QWRlcHgyaDFRRUMwemw1dnMKc2g2Ykozd3pHNmlzald4OGpGTnd3TVVDSzMrb09YT0R5ajZpdjlqbVAwZ0hXbGI4QU5mZ3Btci9EcWIwSGF1RQp0eG1XbWx5UnJxSm1Eb3ZtdGRRbm9IZ1JRYUIrcmU1MnI1MzlRbGJiZE96ZHZXai9Gd3JFUWFMMjdXUEUzbXBaCkRDYjVLMTBUOVlZUWtkZUM4cXFPQU1YQmFQWG9jaGZLL1VVckRnN1FrNzVuS0dyZXRBRExzMkcxWkZTRVJ5RUwKY2lpRko1YWZndk0rQ05Cek9aOEZOSTg9Ci0tLS0tRU5EIENFUlRJRklDQVRFLS0tLS0K"
              }
            ],
            "master_authorized_networks_config": [],
            "master_version": "1.29.4-gke.1043004",
            "mesh_certificates": [],
            "min_master_version": null,
            "monitoring_config": [
              {
                "advanced_datapath_observability_config": [
                  {
                    "enable_metrics": false,
                    "enable_relay": false,
                    "relay_mode": "DISABLED"
                  }
                ],
                "enable_components": [
                  "SYSTEM_COMPONENTS"
                ],
                "managed_prometheus": [
                  {
                    "enabled": true
                  }
                ]
              }
            ],
            "monitoring_service": "monitoring.googleapis.com/kubernetes",
            "name": "bookstore-cluster",
            "network": "projects/bookstore-project-428112/global/networks/default",
            "network_policy": [
              {
                "enabled": false,
                "provider": "PROVIDER_UNSPECIFIED"
              }
            ],
            "networking_mode": "VPC_NATIVE",
            "node_config": [
              {
                "advanced_machine_features": [],
                "boot_disk_kms_key": "",
                "confidential_nodes": [],
                "containerd_config": [],
                "disk_size_gb": 10,
                "disk_type": "pd-balanced",
                "effective_taints": [],
                "enable_confidential_storage": false,
                "ephemeral_storage_local_ssd_config": [],
                "fast_socket": [],
                "gcfs_config": [],
                "guest_accelerator": [],
                "gvnic": [],
                "host_maintenance_policy": [],
                "image_type": "COS_CONTAINERD",
                "kubelet_config": [],
                "labels": {},
                "linux_node_config": [],
                "local_nvme_ssd_block_config": [],
                "local_ssd_count": 0,
                "logging_variant": "DEFAULT",
                "machine_type": "e2-medium",
                "metadata": {
                  "disable-legacy-endpoints": "true"
                },
                "min_cpu_platform": "",
                "node_group": "",
                "oauth_scopes": [
                  "https://www.googleapis.com/auth/devstorage.read_only",
                  "https://www.googleapis.com/auth/logging.write",
                  "https://www.googleapis.com/auth/monitoring",
                  "https://www.googleapis.com/auth/service.management.readonly",
                  "https://www.googleapis.com/auth/servicecontrol",
                  "https://www.googleapis.com/auth/trace.append"
                ],
                "preemptible": false,
                "reservation_affinity": [],
                "resource_labels": {},
                "resource_manager_tags": {},
                "secondary_boot_disks": [],
                "service_account": "default",
                "shielded_instance_config": [
                  {
                    "enable_integrity_monitoring": true,
                    "enable_secure_boot": false
                  }
                ],
                "sole_tenant_config": [],
                "spot": false,
                "tags": [],
                "taint": [],
                "workload_metadata_config": []
              }
            ],
            "node_locations": [
              "europe-west1-b",
              "europe-west1-c",
              "europe-west1-d"
            ],
            "node_pool": [
              {
                "autoscaling": [],
                "initial_node_count": 1,
                "instance_group_urls": [
                  "https://www.googleapis.com/compute/v1/projects/bookstore-project-428112/zones/europe-west1-c/instanceGroupManagers/gke-bookstore-cluster-default-pool-48a7dfe1-grp",
                  "https://www.googleapis.com/compute/v1/projects/bookstore-project-428112/zones/europe-west1-b/instanceGroupManagers/gke-bookstore-cluster-default-pool-d1916738-grp",
                  "https://www.googleapis.com/compute/v1/projects/bookstore-project-428112/zones/europe-west1-d/instanceGroupManagers/gke-bookstore-cluster-default-pool-efbf3c37-grp"
                ],
                "managed_instance_group_urls": [
                  "https://www.googleapis.com/compute/v1/projects/bookstore-project-428112/zones/europe-west1-c/instanceGroups/gke-bookstore-cluster-default-pool-48a7dfe1-grp",
                  "https://www.googleapis.com/compute/v1/projects/bookstore-project-428112/zones/europe-west1-b/instanceGroups/gke-bookstore-cluster-default-pool-d1916738-grp",
                  "https://www.googleapis.com/compute/v1/projects/bookstore-project-428112/zones/europe-west1-d/instanceGroups/gke-bookstore-cluster-default-pool-efbf3c37-grp"
                ],
                "management": [
                  {
                    "auto_repair": true,
                    "auto_upgrade": true
                  }
                ],
                "max_pods_per_node": 110,
                "name": "default-pool",
                "name_prefix": "",
                "network_config": [
                  {
                    "create_pod_range": false,
                    "enable_private_nodes": false,
                    "network_performance_config": [],
                    "pod_cidr_overprovision_config": [],
                    "pod_ipv4_cidr_block": "10.104.0.0/14",
                    "pod_range": "gke-bookstore-cluster-pods-4284bcb9"
                  }
                ],
                "node_config": [
                  {
                    "advanced_machine_features": [],
                    "boot_disk_kms_key": "",
                    "confidential_nodes": [],
                    "containerd_config": [],
                    "disk_size_gb": 10,
                    "disk_type": "pd-balanced",
                    "effective_taints": [],
                    "enable_confidential_storage": false,
                    "ephemeral_storage_local_ssd_config": [],
                    "fast_socket": [],
                    "gcfs_config": [],
                    "guest_accelerator": [],
                    "gvnic": [],
                    "host_maintenance_policy": [],
                    "image_type": "COS_CONTAINERD",
                    "kubelet_config": [],
                    "labels": {},
                    "linux_node_config": [],
                    "local_nvme_ssd_block_config": [],
                    "local_ssd_count": 0,
                    "logging_variant": "DEFAULT",
                    "machine_type": "e2-medium",
                    "metadata": {
                      "disable-legacy-endpoints": "true"
                    },
                    "min_cpu_platform": "",
                    "node_group": "",
                    "oauth_scopes": [
                      "https://www.googleapis.com/auth/devstorage.read_only",
                      "https://www.googleapis.com/auth/logging.write",
                      "https://www.googleapis.com/auth/monitoring",
                      "https://www.googleapis.com/auth/service.management.readonly",
                      "https://www.googleapis.com/auth/servicecontrol",
                      "https://www.googleapis.com/auth/trace.append"
                    ],
                    "preemptible": false,
                    "reservation_affinity": [],
                    "resource_labels": {},
                    "resource_manager_tags": {},
                    "secondary_boot_disks": [],
                    "service_account": "default",
                    "shielded_instance_config": [
                      {
                        "enable_integrity_monitoring": true,
                        "enable_secure_boot": false
                      }
                    ],
                    "sole_tenant_config": [],
                    "spot": false,
                    "tags": [],
                    "taint": [],
                    "workload_metadata_config": []
                  }
                ],
                "node_count": 1,
                "node_locations": [
                  "europe-west1-b",
                  "europe-west1-c",
                  "europe-west1-d"
                ],
                "placement_policy": [],
                "queued_provisioning": [],
                "upgrade_settings": [
                  {
                    "blue_green_settings": [],
                    "max_surge": 1,
                    "max_unavailable": 0,
                    "strategy": "SURGE"
                  }
                ],
                "version": "1.29.4-gke.1043004"
              }
            ],
            "node_pool_auto_config": [],
            "node_pool_defaults": [
              {
                "node_config_defaults": [
                  {
                    "containerd_config": [],
                    "logging_variant": "DEFAULT"
                  }
                ]
              }
            ],
            "node_version": "1.29.4-gke.1043004",
            "notification_config": [
              {
                "pubsub": [
                  {
                    "enabled": false,
                    "filter": [],
                    "topic": ""
                  }
                ]
              }
            ],
            "operation": null,
            "private_cluster_config": [
              {
                "enable_private_endpoint": false,
                "enable_private_nodes": false,
                "master_global_access_config": [
                  {
                    "enabled": false
                  }
                ],
                "master_ipv4_cidr_block": "",
                "peering_name": "",
                "private_endpoint": "10.132.0.2",
                "private_endpoint_subnetwork": "",
                "public_endpoint": "35.241.206.63"
              }
            ],
            "private_ipv6_google_access": "",
            "project": "bookstore-project-428112",
            "release_channel": [
              {
                "channel": "REGULAR"
              }
            ],
            "remove_default_node_pool": null,
            "resource_labels": {},
            "resource_usage_export_config": [],
            "security_posture_config": [
              {
                "mode": "BASIC",
                "vulnerability_mode": "VULNERABILITY_MODE_UNSPECIFIED"
              }
            ],
            "self_link": "https://container.googleapis.com/v1/projects/bookstore-project-428112/locations/europe-west1/clusters/bookstore-cluster",
            "service_external_ips_config": [
              {
                "enabled": false
              }
            ],
            "services_ipv4_cidr": "34.118.224.0/20",
            "subnetwork": "projects/bookstore-project-428112/regions/europe-west1/subnetworks/default",
            "timeouts": null,
            "tpu_ipv4_cidr_block": "",
            "vertical_pod_autoscaling": [],
            "workload_identity_config": []
          },
          "sensitive_attributes": [],
          "private": "eyJlMmJmYjczMC1lY2FhLTExZTYtOGY4OC0zNDM2M2JjN2M0YzAiOnsiY3JlYXRlIjoyNDAwMDAwMDAwMDAwLCJkZWxldGUiOjI0MDAwMDAwMDAwMDAsInJlYWQiOjI0MDAwMDAwMDAwMDAsInVwZGF0ZSI6MzYwMDAwMDAwMDAwMH0sInNjaGVtYV92ZXJzaW9uIjoiMiJ9"
        }
      ]
    }
  ],
  "check_results": null
}
